// !$*UTF8*$!
{
	archiveVersion = 1;
	classes = {
	};
	objectVersion = 50;
	objects = {

/* Begin PBXBuildFile section */
		6FAFC2FB791349DAAA05C6CD /* Pods_AlarstudioTest.framework in Frameworks */ = {isa = PBXBuildFile; fileRef = 607C85425AF9185F9C3B17C5 /* Pods_AlarstudioTest.framework */; };
		9DB2B94820B6E039005B4663 /* AppDelegate.swift in Sources */ = {isa = PBXBuildFile; fileRef = 9DB2B94720B6E039005B4663 /* AppDelegate.swift */; };
		9DB2B94A20B6E039005B4663 /* MainController.swift in Sources */ = {isa = PBXBuildFile; fileRef = 9DB2B94920B6E039005B4663 /* MainController.swift */; };
		9DB2B94F20B6E03A005B4663 /* Assets.xcassets in Resources */ = {isa = PBXBuildFile; fileRef = 9DB2B94E20B6E03A005B4663 /* Assets.xcassets */; };
		9DB2B95220B6E03A005B4663 /* LaunchScreen.storyboard in Resources */ = {isa = PBXBuildFile; fileRef = 9DB2B95020B6E03A005B4663 /* LaunchScreen.storyboard */; };
		9DB2B95A20B6E4C5005B4663 /* MainNavigationController.swift in Sources */ = {isa = PBXBuildFile; fileRef = 9DB2B95920B6E4C5005B4663 /* MainNavigationController.swift */; };
		9DB2B95D20B6E8FE005B4663 /* LoginController.swift in Sources */ = {isa = PBXBuildFile; fileRef = 9DB2B95C20B6E8FE005B4663 /* LoginController.swift */; };
		9DB2B96020B6EA93005B4663 /* UserDefaults+Extention.swift in Sources */ = {isa = PBXBuildFile; fileRef = 9DB2B95F20B6EA93005B4663 /* UserDefaults+Extention.swift */; };
		9DB2B96420B6EB1E005B4663 /* Info.plist in Resources */ = {isa = PBXBuildFile; fileRef = 9DB2B96320B6EB1D005B4663 /* Info.plist */; };
		9DB2B96620B6EBD3005B4663 /* LoginView.swift in Sources */ = {isa = PBXBuildFile; fileRef = 9DB2B96520B6EBD3005B4663 /* LoginView.swift */; };
		9DB2B96820B6EC20005B4663 /* UIStackView+Helpers.swift in Sources */ = {isa = PBXBuildFile; fileRef = 9DB2B96720B6EC20005B4663 /* UIStackView+Helpers.swift */; };
		9DB2B96B20B6ED1A005B4663 /* UIView+Constraints.swift in Sources */ = {isa = PBXBuildFile; fileRef = 9DB2B96A20B6ED1A005B4663 /* UIView+Constraints.swift */; };
		9DB2B96D20B6EE49005B4663 /* UIColor+Extension.swift in Sources */ = {isa = PBXBuildFile; fileRef = 9DB2B96C20B6EE49005B4663 /* UIColor+Extension.swift */; };
		9DB2B96F20B6F48D005B4663 /* Globals.swift in Sources */ = {isa = PBXBuildFile; fileRef = 9DB2B96E20B6F48D005B4663 /* Globals.swift */; };
		9DB2B97120B6F6A0005B4663 /* UITextField+Extension.swift in Sources */ = {isa = PBXBuildFile; fileRef = 9DB2B97020B6F6A0005B4663 /* UITextField+Extension.swift */; };
		9DB2B97320B6F703005B4663 /* UIButton+Extension.swift in Sources */ = {isa = PBXBuildFile; fileRef = 9DB2B97220B6F703005B4663 /* UIButton+Extension.swift */; };
		9DB2B97620B6FC13005B4663 /* NetworkRouter.swift in Sources */ = {isa = PBXBuildFile; fileRef = 9DB2B97520B6FC13005B4663 /* NetworkRouter.swift */; };
		9DB2B9B120B70F53005B4663 /* LoginControllerViewModel.swift in Sources */ = {isa = PBXBuildFile; fileRef = 9DB2B9B020B70F53005B4663 /* LoginControllerViewModel.swift */; };
		9DB2B9B620B7169D005B4663 /* ApiClient.swift in Sources */ = {isa = PBXBuildFile; fileRef = 9DB2B9B520B7169D005B4663 /* ApiClient.swift */; };
		9DB2B9BA20B7F367005B4663 /* MainControllerViewModel.swift in Sources */ = {isa = PBXBuildFile; fileRef = 9DB2B9B920B7F367005B4663 /* MainControllerViewModel.swift */; };
		9DB2B9BC20B7F778005B4663 /* McDonald.swift in Sources */ = {isa = PBXBuildFile; fileRef = 9DB2B9BB20B7F778005B4663 /* McDonald.swift */; };
		9DB2B9BE20B805E5005B4663 /* NetworkError.swift in Sources */ = {isa = PBXBuildFile; fileRef = 9DB2B9BD20B805E5005B4663 /* NetworkError.swift */; };
		9DB2B9C020B80A37005B4663 /* NetworkLayerProtocol.swift in Sources */ = {isa = PBXBuildFile; fileRef = 9DB2B9BF20B80A37005B4663 /* NetworkLayerProtocol.swift */; };
		9DECDECA20B80D3B009C02EF /* LoadingCell.swift in Sources */ = {isa = PBXBuildFile; fileRef = 9DECDEC920B80D3B009C02EF /* LoadingCell.swift */; };
		9DECDECC20B80D71009C02EF /* LoadingCell.xib in Resources */ = {isa = PBXBuildFile; fileRef = 9DECDECB20B80D71009C02EF /* LoadingCell.xib */; };
		9DECDECE20B80EE1009C02EF /* McDonaldCell.swift in Sources */ = {isa = PBXBuildFile; fileRef = 9DECDECD20B80EE1009C02EF /* McDonaldCell.swift */; };
		9DECDED020B80F10009C02EF /* McDonaldCell.xib in Resources */ = {isa = PBXBuildFile; fileRef = 9DECDECF20B80F10009C02EF /* McDonaldCell.xib */; };
		9DECDED420B819F4009C02EF /* NothingFoundCell.xib in Resources */ = {isa = PBXBuildFile; fileRef = 9DECDED320B819F4009C02EF /* NothingFoundCell.xib */; };
		9DECDED620B81CD1009C02EF /* CustomImageView.swift in Sources */ = {isa = PBXBuildFile; fileRef = 9DECDED520B81CD1009C02EF /* CustomImageView.swift */; };
		9DECDED820B83C2F009C02EF /* DynamicTypes.swift in Sources */ = {isa = PBXBuildFile; fileRef = 9DECDED720B83C2F009C02EF /* DynamicTypes.swift */; };
/* End PBXBuildFile section */

/* Begin PBXFileReference section */
		4A83275A48ADDCAD0D68762F /* Pods-AlarstudioTest.debug.xcconfig */ = {isa = PBXFileReference; includeInIndex = 1; lastKnownFileType = text.xcconfig; name = "Pods-AlarstudioTest.debug.xcconfig"; path = "Pods/Target Support Files/Pods-AlarstudioTest/Pods-AlarstudioTest.debug.xcconfig"; sourceTree = "<group>"; };
		607C85425AF9185F9C3B17C5 /* Pods_AlarstudioTest.framework */ = {isa = PBXFileReference; explicitFileType = wrapper.framework; includeInIndex = 0; path = Pods_AlarstudioTest.framework; sourceTree = BUILT_PRODUCTS_DIR; };
		9DB2B94420B6E039005B4663 /* AlarstudioTest.app */ = {isa = PBXFileReference; explicitFileType = wrapper.application; includeInIndex = 0; path = AlarstudioTest.app; sourceTree = BUILT_PRODUCTS_DIR; };
		9DB2B94720B6E039005B4663 /* AppDelegate.swift */ = {isa = PBXFileReference; lastKnownFileType = sourcecode.swift; path = AppDelegate.swift; sourceTree = "<group>"; };
		9DB2B94920B6E039005B4663 /* MainController.swift */ = {isa = PBXFileReference; lastKnownFileType = sourcecode.swift; path = MainController.swift; sourceTree = "<group>"; };
		9DB2B94E20B6E03A005B4663 /* Assets.xcassets */ = {isa = PBXFileReference; lastKnownFileType = folder.assetcatalog; path = Assets.xcassets; sourceTree = "<group>"; };
		9DB2B95120B6E03A005B4663 /* Base */ = {isa = PBXFileReference; lastKnownFileType = file.storyboard; name = Base; path = Base.lproj/LaunchScreen.storyboard; sourceTree = "<group>"; };
		9DB2B95920B6E4C5005B4663 /* MainNavigationController.swift */ = {isa = PBXFileReference; lastKnownFileType = sourcecode.swift; path = MainNavigationController.swift; sourceTree = "<group>"; };
		9DB2B95C20B6E8FE005B4663 /* LoginController.swift */ = {isa = PBXFileReference; lastKnownFileType = sourcecode.swift; path = LoginController.swift; sourceTree = "<group>"; };
		9DB2B95F20B6EA93005B4663 /* UserDefaults+Extention.swift */ = {isa = PBXFileReference; lastKnownFileType = sourcecode.swift; path = "UserDefaults+Extention.swift"; sourceTree = "<group>"; };
		9DB2B96320B6EB1D005B4663 /* Info.plist */ = {isa = PBXFileReference; fileEncoding = 4; lastKnownFileType = text.plist.xml; path = Info.plist; sourceTree = "<group>"; };
		9DB2B96520B6EBD3005B4663 /* LoginView.swift */ = {isa = PBXFileReference; lastKnownFileType = sourcecode.swift; path = LoginView.swift; sourceTree = "<group>"; };
		9DB2B96720B6EC20005B4663 /* UIStackView+Helpers.swift */ = {isa = PBXFileReference; lastKnownFileType = sourcecode.swift; path = "UIStackView+Helpers.swift"; sourceTree = "<group>"; };
		9DB2B96A20B6ED1A005B4663 /* UIView+Constraints.swift */ = {isa = PBXFileReference; lastKnownFileType = sourcecode.swift; path = "UIView+Constraints.swift"; sourceTree = "<group>"; };
		9DB2B96C20B6EE49005B4663 /* UIColor+Extension.swift */ = {isa = PBXFileReference; lastKnownFileType = sourcecode.swift; path = "UIColor+Extension.swift"; sourceTree = "<group>"; };
		9DB2B96E20B6F48D005B4663 /* Globals.swift */ = {isa = PBXFileReference; lastKnownFileType = sourcecode.swift; path = Globals.swift; sourceTree = "<group>"; };
		9DB2B97020B6F6A0005B4663 /* UITextField+Extension.swift */ = {isa = PBXFileReference; lastKnownFileType = sourcecode.swift; path = "UITextField+Extension.swift"; sourceTree = "<group>"; };
		9DB2B97220B6F703005B4663 /* UIButton+Extension.swift */ = {isa = PBXFileReference; lastKnownFileType = sourcecode.swift; path = "UIButton+Extension.swift"; sourceTree = "<group>"; };
		9DB2B97520B6FC13005B4663 /* NetworkRouter.swift */ = {isa = PBXFileReference; lastKnownFileType = sourcecode.swift; path = NetworkRouter.swift; sourceTree = "<group>"; };
		9DB2B9B020B70F53005B4663 /* LoginControllerViewModel.swift */ = {isa = PBXFileReference; lastKnownFileType = sourcecode.swift; path = LoginControllerViewModel.swift; sourceTree = "<group>"; };
		9DB2B9B520B7169D005B4663 /* ApiClient.swift */ = {isa = PBXFileReference; lastKnownFileType = sourcecode.swift; path = ApiClient.swift; sourceTree = "<group>"; };
		9DB2B9B920B7F367005B4663 /* MainControllerViewModel.swift */ = {isa = PBXFileReference; lastKnownFileType = sourcecode.swift; path = MainControllerViewModel.swift; sourceTree = "<group>"; };
		9DB2B9BB20B7F778005B4663 /* McDonald.swift */ = {isa = PBXFileReference; lastKnownFileType = sourcecode.swift; path = McDonald.swift; sourceTree = "<group>"; };
		9DB2B9BD20B805E5005B4663 /* NetworkError.swift */ = {isa = PBXFileReference; lastKnownFileType = sourcecode.swift; path = NetworkError.swift; sourceTree = "<group>"; };
		9DB2B9BF20B80A37005B4663 /* NetworkLayerProtocol.swift */ = {isa = PBXFileReference; lastKnownFileType = sourcecode.swift; path = NetworkLayerProtocol.swift; sourceTree = "<group>"; };
		9DECDEC920B80D3B009C02EF /* LoadingCell.swift */ = {isa = PBXFileReference; lastKnownFileType = sourcecode.swift; path = LoadingCell.swift; sourceTree = "<group>"; };
		9DECDECB20B80D71009C02EF /* LoadingCell.xib */ = {isa = PBXFileReference; lastKnownFileType = file.xib; path = LoadingCell.xib; sourceTree = "<group>"; };
		9DECDECD20B80EE1009C02EF /* McDonaldCell.swift */ = {isa = PBXFileReference; lastKnownFileType = sourcecode.swift; path = McDonaldCell.swift; sourceTree = "<group>"; };
		9DECDECF20B80F10009C02EF /* McDonaldCell.xib */ = {isa = PBXFileReference; lastKnownFileType = file.xib; path = McDonaldCell.xib; sourceTree = "<group>"; };
		9DECDED320B819F4009C02EF /* NothingFoundCell.xib */ = {isa = PBXFileReference; lastKnownFileType = file.xib; path = NothingFoundCell.xib; sourceTree = "<group>"; };
		9DECDED520B81CD1009C02EF /* CustomImageView.swift */ = {isa = PBXFileReference; lastKnownFileType = sourcecode.swift; path = CustomImageView.swift; sourceTree = "<group>"; };
		9DECDED720B83C2F009C02EF /* DynamicTypes.swift */ = {isa = PBXFileReference; lastKnownFileType = sourcecode.swift; path = DynamicTypes.swift; sourceTree = "<group>"; };
		A099F047B91456404BCDD17C /* Pods-AlarstudioTest.release.xcconfig */ = {isa = PBXFileReference; includeInIndex = 1; lastKnownFileType = text.xcconfig; name = "Pods-AlarstudioTest.release.xcconfig"; path = "Pods/Target Support Files/Pods-AlarstudioTest/Pods-AlarstudioTest.release.xcconfig"; sourceTree = "<group>"; };
/* End PBXFileReference section */

/* Begin PBXFrameworksBuildPhase section */
		9DB2B94120B6E039005B4663 /* Frameworks */ = {
			isa = PBXFrameworksBuildPhase;
			buildActionMask = 2147483647;
			files = (
				6FAFC2FB791349DAAA05C6CD /* Pods_AlarstudioTest.framework in Frameworks */,
			);
			runOnlyForDeploymentPostprocessing = 0;
		};
/* End PBXFrameworksBuildPhase section */

/* Begin PBXGroup section */
		66C6B7E4469699839851DF85 /* Frameworks */ = {
			isa = PBXGroup;
			children = (
				607C85425AF9185F9C3B17C5 /* Pods_AlarstudioTest.framework */,
			);
			name = Frameworks;
			sourceTree = "<group>";
		};
		9DB2B93B20B6E039005B4663 = {
			isa = PBXGroup;
			children = (
				9DB2B94620B6E039005B4663 /* AlarstudioTest */,
				9DB2B94520B6E039005B4663 /* Products */,
				E918B7E6A762655CEF6AC8F8 /* Pods */,
				66C6B7E4469699839851DF85 /* Frameworks */,
			);
			sourceTree = "<group>";
		};
		9DB2B94520B6E039005B4663 /* Products */ = {
			isa = PBXGroup;
			children = (
				9DB2B94420B6E039005B4663 /* AlarstudioTest.app */,
			);
			name = Products;
			sourceTree = "<group>";
		};
		9DB2B94620B6E039005B4663 /* AlarstudioTest */ = {
			isa = PBXGroup;
			children = (
				9DB2B94720B6E039005B4663 /* AppDelegate.swift */,
				9DB2B95920B6E4C5005B4663 /* MainNavigationController.swift */,
				9DECDED520B81CD1009C02EF /* CustomImageView.swift */,
				9DECDED720B83C2F009C02EF /* DynamicTypes.swift */,
				9DB2B9B720B74FD6005B4663 /* MainScreen */,
				9DB2B95E20B6E908005B4663 /* Authorization */,
				9DECDEC820B80D11009C02EF /* Cells */,
				9DB2B9B420B70FFD005B4663 /* Model */,
				9DB2B97420B6FBF6005B4663 /* Networking */,
				9DB2B96920B6EC27005B4663 /* Extentions+Helpers */,
				9DB2B95B20B6E882005B4663 /* SupportingFiles */,
			);
			path = AlarstudioTest;
			sourceTree = "<group>";
		};
		9DB2B95B20B6E882005B4663 /* SupportingFiles */ = {
			isa = PBXGroup;
			children = (
				9DB2B94E20B6E03A005B4663 /* Assets.xcassets */,
				9DB2B95020B6E03A005B4663 /* LaunchScreen.storyboard */,
				9DB2B96320B6EB1D005B4663 /* Info.plist */,
			);
			path = SupportingFiles;
			sourceTree = "<group>";
		};
		9DB2B95E20B6E908005B4663 /* Authorization */ = {
			isa = PBXGroup;
			children = (
				9DB2B95C20B6E8FE005B4663 /* LoginController.swift */,
				9DB2B96520B6EBD3005B4663 /* LoginView.swift */,
				9DB2B9B020B70F53005B4663 /* LoginControllerViewModel.swift */,
			);
			path = Authorization;
			sourceTree = "<group>";
		};
		9DB2B96920B6EC27005B4663 /* Extentions+Helpers */ = {
			isa = PBXGroup;
			children = (
				9DB2B95F20B6EA93005B4663 /* UserDefaults+Extention.swift */,
				9DB2B96720B6EC20005B4663 /* UIStackView+Helpers.swift */,
				9DB2B96A20B6ED1A005B4663 /* UIView+Constraints.swift */,
				9DB2B96C20B6EE49005B4663 /* UIColor+Extension.swift */,
				9DB2B97020B6F6A0005B4663 /* UITextField+Extension.swift */,
				9DB2B97220B6F703005B4663 /* UIButton+Extension.swift */,
				9DB2B96E20B6F48D005B4663 /* Globals.swift */,
			);
			path = "Extentions+Helpers";
			sourceTree = "<group>";
		};
		9DB2B97420B6FBF6005B4663 /* Networking */ = {
			isa = PBXGroup;
			children = (
				9DB2B9B520B7169D005B4663 /* ApiClient.swift */,
				9DB2B97520B6FC13005B4663 /* NetworkRouter.swift */,
				9DB2B9BD20B805E5005B4663 /* NetworkError.swift */,
				9DB2B9BF20B80A37005B4663 /* NetworkLayerProtocol.swift */,
			);
			path = Networking;
			sourceTree = "<group>";
		};
		9DB2B9B420B70FFD005B4663 /* Model */ = {
			isa = PBXGroup;
			children = (
				9DB2B9BB20B7F778005B4663 /* McDonald.swift */,
			);
			path = Model;
			sourceTree = "<group>";
		};
		9DB2B9B720B74FD6005B4663 /* MainScreen */ = {
			isa = PBXGroup;
			children = (
				9DB2B94920B6E039005B4663 /* MainController.swift */,
				9DB2B9B920B7F367005B4663 /* MainControllerViewModel.swift */,
			);
			path = MainScreen;
			sourceTree = "<group>";
		};
		9DECDEC820B80D11009C02EF /* Cells */ = {
			isa = PBXGroup;
			children = (
				9DECDECD20B80EE1009C02EF /* McDonaldCell.swift */,
				9DECDECF20B80F10009C02EF /* McDonaldCell.xib */,
				9DECDEC920B80D3B009C02EF /* LoadingCell.swift */,
				9DECDECB20B80D71009C02EF /* LoadingCell.xib */,
				9DECDED320B819F4009C02EF /* NothingFoundCell.xib */,
			);
			path = Cells;
			sourceTree = "<group>";
		};
		E918B7E6A762655CEF6AC8F8 /* Pods */ = {
			isa = PBXGroup;
			children = (
				4A83275A48ADDCAD0D68762F /* Pods-AlarstudioTest.debug.xcconfig */,
				A099F047B91456404BCDD17C /* Pods-AlarstudioTest.release.xcconfig */,
			);
			name = Pods;
			sourceTree = "<group>";
		};
/* End PBXGroup section */

/* Begin PBXNativeTarget section */
		9DB2B94320B6E039005B4663 /* AlarstudioTest */ = {
			isa = PBXNativeTarget;
			buildConfigurationList = 9DB2B95620B6E03A005B4663 /* Build configuration list for PBXNativeTarget "AlarstudioTest" */;
			buildPhases = (
				8738BB63D5EC7F32EF218E05 /* [CP] Check Pods Manifest.lock */,
				9DB2B94020B6E039005B4663 /* Sources */,
				9DB2B94120B6E039005B4663 /* Frameworks */,
				9DB2B94220B6E039005B4663 /* Resources */,
				47EE5A07984E583276244F1B /* [CP] Embed Pods Frameworks */,
				F1182A72A9152A242A999695 /* [CP] Copy Pods Resources */,
			);
			buildRules = (
			);
			dependencies = (
			);
			name = AlarstudioTest;
			productName = AlarstudioTest;
			productReference = 9DB2B94420B6E039005B4663 /* AlarstudioTest.app */;
			productType = "com.apple.product-type.application";
		};
/* End PBXNativeTarget section */

/* Begin PBXProject section */
		9DB2B93C20B6E039005B4663 /* Project object */ = {
			isa = PBXProject;
			attributes = {
				LastSwiftUpdateCheck = 0930;
				LastUpgradeCheck = 0930;
				ORGANIZATIONNAME = kanat;
				TargetAttributes = {
					9DB2B94320B6E039005B4663 = {
						CreatedOnToolsVersion = 9.3.1;
					};
				};
			};
			buildConfigurationList = 9DB2B93F20B6E039005B4663 /* Build configuration list for PBXProject "AlarstudioTest" */;
			compatibilityVersion = "Xcode 9.3";
			developmentRegion = en;
			hasScannedForEncodings = 0;
			knownRegions = (
				en,
				Base,
			);
			mainGroup = 9DB2B93B20B6E039005B4663;
			productRefGroup = 9DB2B94520B6E039005B4663 /* Products */;
			projectDirPath = "";
			projectRoot = "";
			targets = (
				9DB2B94320B6E039005B4663 /* AlarstudioTest */,
			);
		};
/* End PBXProject section */

/* Begin PBXResourcesBuildPhase section */
		9DB2B94220B6E039005B4663 /* Resources */ = {
			isa = PBXResourcesBuildPhase;
			buildActionMask = 2147483647;
			files = (
				9DB2B95220B6E03A005B4663 /* LaunchScreen.storyboard in Resources */,
				9DB2B94F20B6E03A005B4663 /* Assets.xcassets in Resources */,
				9DECDED420B819F4009C02EF /* NothingFoundCell.xib in Resources */,
				9DECDECC20B80D71009C02EF /* LoadingCell.xib in Resources */,
				9DB2B96420B6EB1E005B4663 /* Info.plist in Resources */,
				9DECDED020B80F10009C02EF /* McDonaldCell.xib in Resources */,
			);
			runOnlyForDeploymentPostprocessing = 0;
		};
/* End PBXResourcesBuildPhase section */

/* Begin PBXShellScriptBuildPhase section */
		47EE5A07984E583276244F1B /* [CP] Embed Pods Frameworks */ = {
			isa = PBXShellScriptBuildPhase;
			buildActionMask = 2147483647;
			files = (
			);
			inputPaths = (
				"${SRCROOT}/Pods/Target Support Files/Pods-AlarstudioTest/Pods-AlarstudioTest-frameworks.sh",
				"${BUILT_PRODUCTS_DIR}/Alamofire/Alamofire.framework",
				"${BUILT_PRODUCTS_DIR}/Spring/Spring.framework",
				"${BUILT_PRODUCTS_DIR}/SwiftyJSON/SwiftyJSON.framework",
			);
			name = "[CP] Embed Pods Frameworks";
			outputPaths = (
				"${TARGET_BUILD_DIR}/${FRAMEWORKS_FOLDER_PATH}/Alamofire.framework",
				"${TARGET_BUILD_DIR}/${FRAMEWORKS_FOLDER_PATH}/Spring.framework",
				"${TARGET_BUILD_DIR}/${FRAMEWORKS_FOLDER_PATH}/SwiftyJSON.framework",
			);
			runOnlyForDeploymentPostprocessing = 0;
			shellPath = /bin/sh;
			shellScript = "\"${SRCROOT}/Pods/Target Support Files/Pods-AlarstudioTest/Pods-AlarstudioTest-frameworks.sh\"\n";
			showEnvVarsInLog = 0;
		};
		8738BB63D5EC7F32EF218E05 /* [CP] Check Pods Manifest.lock */ = {
			isa = PBXShellScriptBuildPhase;
			buildActionMask = 2147483647;
			files = (
			);
			inputPaths = (
				"${PODS_PODFILE_DIR_PATH}/Podfile.lock",
				"${PODS_ROOT}/Manifest.lock",
			);
			name = "[CP] Check Pods Manifest.lock";
			outputPaths = (
				"$(DERIVED_FILE_DIR)/Pods-AlarstudioTest-checkManifestLockResult.txt",
			);
			runOnlyForDeploymentPostprocessing = 0;
			shellPath = /bin/sh;
			shellScript = "diff \"${PODS_PODFILE_DIR_PATH}/Podfile.lock\" \"${PODS_ROOT}/Manifest.lock\" > /dev/null\nif [ $? != 0 ] ; then\n    # print error to STDERR\n    echo \"error: The sandbox is not in sync with the Podfile.lock. Run 'pod install' or update your CocoaPods installation.\" >&2\n    exit 1\nfi\n# This output is used by Xcode 'outputs' to avoid re-running this script phase.\necho \"SUCCESS\" > \"${SCRIPT_OUTPUT_FILE_0}\"\n";
			showEnvVarsInLog = 0;
		};
		F1182A72A9152A242A999695 /* [CP] Copy Pods Resources */ = {
			isa = PBXShellScriptBuildPhase;
			buildActionMask = 2147483647;
			files = (
			);
			inputPaths = (
			);
			name = "[CP] Copy Pods Resources";
			outputPaths = (
			);
			runOnlyForDeploymentPostprocessing = 0;
			shellPath = /bin/sh;
			shellScript = "\"${SRCROOT}/Pods/Target Support Files/Pods-AlarstudioTest/Pods-AlarstudioTest-resources.sh\"\n";
			showEnvVarsInLog = 0;
		};
/* End PBXShellScriptBuildPhase section */

/* Begin PBXSourcesBuildPhase section */
		9DB2B94020B6E039005B4663 /* Sources */ = {
			isa = PBXSourcesBuildPhase;
			buildActionMask = 2147483647;
			files = (
				9DB2B96620B6EBD3005B4663 /* LoginView.swift in Sources */,
				9DB2B9BA20B7F367005B4663 /* MainControllerViewModel.swift in Sources */,
				9DB2B96820B6EC20005B4663 /* UIStackView+Helpers.swift in Sources */,
				9DB2B9B620B7169D005B4663 /* ApiClient.swift in Sources */,
				9DECDECE20B80EE1009C02EF /* McDonaldCell.swift in Sources */,
				9DB2B95A20B6E4C5005B4663 /* MainNavigationController.swift in Sources */,
				9DB2B96D20B6EE49005B4663 /* UIColor+Extension.swift in Sources */,
				9DECDED620B81CD1009C02EF /* CustomImageView.swift in Sources */,
				9DB2B96020B6EA93005B4663 /* UserDefaults+Extention.swift in Sources */,
				9DB2B97320B6F703005B4663 /* UIButton+Extension.swift in Sources */,
				9DB2B95D20B6E8FE005B4663 /* LoginController.swift in Sources */,
				9DB2B97120B6F6A0005B4663 /* UITextField+Extension.swift in Sources */,
				9DB2B97620B6FC13005B4663 /* NetworkRouter.swift in Sources */,
				9DB2B9BC20B7F778005B4663 /* McDonald.swift in Sources */,
				9DB2B94A20B6E039005B4663 /* MainController.swift in Sources */,
				9DB2B9B120B70F53005B4663 /* LoginControllerViewModel.swift in Sources */,
				9DECDECA20B80D3B009C02EF /* LoadingCell.swift in Sources */,
				9DB2B94820B6E039005B4663 /* AppDelegate.swift in Sources */,
				9DB2B9BE20B805E5005B4663 /* NetworkError.swift in Sources */,
				9DB2B96F20B6F48D005B4663 /* Globals.swift in Sources */,
				9DB2B9C020B80A37005B4663 /* NetworkLayerProtocol.swift in Sources */,
				9DB2B96B20B6ED1A005B4663 /* UIView+Constraints.swift in Sources */,
				9DECDED820B83C2F009C02EF /* DynamicTypes.swift in Sources */,
			);
			runOnlyForDeploymentPostprocessing = 0;
		};
/* End PBXSourcesBuildPhase section */

/* Begin PBXVariantGroup section */
		9DB2B95020B6E03A005B4663 /* LaunchScreen.storyboard */ = {
			isa = PBXVariantGroup;
			children = (
				9DB2B95120B6E03A005B4663 /* Base */,
			);
			name = LaunchScreen.storyboard;
			sourceTree = "<group>";
		};
/* End PBXVariantGroup section */

/* Begin XCBuildConfiguration section */
		9DB2B95420B6E03A005B4663 /* Debug */ = {
			isa = XCBuildConfiguration;
			buildSettings = {
				ALWAYS_SEARCH_USER_PATHS = NO;
				CLANG_ANALYZER_NONNULL = YES;
				CLANG_ANALYZER_NUMBER_OBJECT_CONVERSION = YES_AGGRESSIVE;
				CLANG_CXX_LANGUAGE_STANDARD = "gnu++14";
				CLANG_CXX_LIBRARY = "libc++";
				CLANG_ENABLE_MODULES = YES;
				CLANG_ENABLE_OBJC_ARC = YES;
				CLANG_ENABLE_OBJC_WEAK = YES;
				CLANG_WARN_BLOCK_CAPTURE_AUTORELEASING = YES;
				CLANG_WARN_BOOL_CONVERSION = YES;
				CLANG_WARN_COMMA = YES;
				CLANG_WARN_CONSTANT_CONVERSION = YES;
				CLANG_WARN_DEPRECATED_OBJC_IMPLEMENTATIONS = YES;
				CLANG_WARN_DIRECT_OBJC_ISA_USAGE = YES_ERROR;
				CLANG_WARN_DOCUMENTATION_COMMENTS = YES;
				CLANG_WARN_EMPTY_BODY = YES;
				CLANG_WARN_ENUM_CONVERSION = YES;
				CLANG_WARN_INFINITE_RECURSION = YES;
				CLANG_WARN_INT_CONVERSION = YES;
				CLANG_WARN_NON_LITERAL_NULL_CONVERSION = YES;
				CLANG_WARN_OBJC_IMPLICIT_RETAIN_SELF = YES;
				CLANG_WARN_OBJC_LITERAL_CONVERSION = YES;
				CLANG_WARN_OBJC_ROOT_CLASS = YES_ERROR;
				CLANG_WARN_RANGE_LOOP_ANALYSIS = YES;
				CLANG_WARN_STRICT_PROTOTYPES = YES;
				CLANG_WARN_SUSPICIOUS_MOVE = YES;
				CLANG_WARN_UNGUARDED_AVAILABILITY = YES_AGGRESSIVE;
				CLANG_WARN_UNREACHABLE_CODE = YES;
				CLANG_WARN__DUPLICATE_METHOD_MATCH = YES;
				CODE_SIGN_IDENTITY = "iPhone Developer";
				COPY_PHASE_STRIP = NO;
				DEBUG_INFORMATION_FORMAT = dwarf;
				ENABLE_STRICT_OBJC_MSGSEND = YES;
				ENABLE_TESTABILITY = YES;
				GCC_C_LANGUAGE_STANDARD = gnu11;
				GCC_DYNAMIC_NO_PIC = NO;
				GCC_NO_COMMON_BLOCKS = YES;
				GCC_OPTIMIZATION_LEVEL = 0;
				GCC_PREPROCESSOR_DEFINITIONS = (
					"DEBUG=1",
					"$(inherited)",
				);
				GCC_WARN_64_TO_32_BIT_CONVERSION = YES;
				GCC_WARN_ABOUT_RETURN_TYPE = YES_ERROR;
				GCC_WARN_UNDECLARED_SELECTOR = YES;
				GCC_WARN_UNINITIALIZED_AUTOS = YES_AGGRESSIVE;
				GCC_WARN_UNUSED_FUNCTION = YES;
				GCC_WARN_UNUSED_VARIABLE = YES;
				IPHONEOS_DEPLOYMENT_TARGET = 11.3;
				MTL_ENABLE_DEBUG_INFO = YES;
				ONLY_ACTIVE_ARCH = YES;
				SDKROOT = iphoneos;
				SWIFT_ACTIVE_COMPILATION_CONDITIONS = DEBUG;
				SWIFT_OPTIMIZATION_LEVEL = "-Onone";
			};
			name = Debug;
		};
		9DB2B95520B6E03A005B4663 /* Release */ = {
			isa = XCBuildConfiguration;
			buildSettings = {
				ALWAYS_SEARCH_USER_PATHS = NO;
				CLANG_ANALYZER_NONNULL = YES;
				CLANG_ANALYZER_NUMBER_OBJECT_CONVERSION = YES_AGGRESSIVE;
				CLANG_CXX_LANGUAGE_STANDARD = "gnu++14";
				CLANG_CXX_LIBRARY = "libc++";
				CLANG_ENABLE_MODULES = YES;
				CLANG_ENABLE_OBJC_ARC = YES;
				CLANG_ENABLE_OBJC_WEAK = YES;
				CLANG_WARN_BLOCK_CAPTURE_AUTORELEASING = YES;
				CLANG_WARN_BOOL_CONVERSION = YES;
				CLANG_WARN_COMMA = YES;
				CLANG_WARN_CONSTANT_CONVERSION = YES;
				CLANG_WARN_DEPRECATED_OBJC_IMPLEMENTATIONS = YES;
				CLANG_WARN_DIRECT_OBJC_ISA_USAGE = YES_ERROR;
				CLANG_WARN_DOCUMENTATION_COMMENTS = YES;
				CLANG_WARN_EMPTY_BODY = YES;
				CLANG_WARN_ENUM_CONVERSION = YES;
				CLANG_WARN_INFINITE_RECURSION = YES;
				CLANG_WARN_INT_CONVERSION = YES;
				CLANG_WARN_NON_LITERAL_NULL_CONVERSION = YES;
				CLANG_WARN_OBJC_IMPLICIT_RETAIN_SELF = YES;
				CLANG_WARN_OBJC_LITERAL_CONVERSION = YES;
				CLANG_WARN_OBJC_ROOT_CLASS = YES_ERROR;
				CLANG_WARN_RANGE_LOOP_ANALYSIS = YES;
				CLANG_WARN_STRICT_PROTOTYPES = YES;
				CLANG_WARN_SUSPICIOUS_MOVE = YES;
				CLANG_WARN_UNGUARDED_AVAILABILITY = YES_AGGRESSIVE;
				CLANG_WARN_UNREACHABLE_CODE = YES;
				CLANG_WARN__DUPLICATE_METHOD_MATCH = YES;
				CODE_SIGN_IDENTITY = "iPhone Developer";
				COPY_PHASE_STRIP = NO;
				DEBUG_INFORMATION_FORMAT = "dwarf-with-dsym";
				ENABLE_NS_ASSERTIONS = NO;
				ENABLE_STRICT_OBJC_MSGSEND = YES;
				GCC_C_LANGUAGE_STANDARD = gnu11;
				GCC_NO_COMMON_BLOCKS = YES;
				GCC_WARN_64_TO_32_BIT_CONVERSION = YES;
				GCC_WARN_ABOUT_RETURN_TYPE = YES_ERROR;
				GCC_WARN_UNDECLARED_SELECTOR = YES;
				GCC_WARN_UNINITIALIZED_AUTOS = YES_AGGRESSIVE;
				GCC_WARN_UNUSED_FUNCTION = YES;
				GCC_WARN_UNUSED_VARIABLE = YES;
				IPHONEOS_DEPLOYMENT_TARGET = 11.3;
				MTL_ENABLE_DEBUG_INFO = NO;
				SDKROOT = iphoneos;
				SWIFT_COMPILATION_MODE = wholemodule;
				SWIFT_OPTIMIZATION_LEVEL = "-O";
				VALIDATE_PRODUCT = YES;
			};
			name = Release;
		};
		9DB2B95720B6E03A005B4663 /* Debug */ = {
			isa = XCBuildConfiguration;
			baseConfigurationReference = 4A83275A48ADDCAD0D68762F /* Pods-AlarstudioTest.debug.xcconfig */;
			buildSettings = {
				ASSETCATALOG_COMPILER_APPICON_NAME = AppIcon;
				CODE_SIGN_STYLE = Automatic;
				DEVELOPMENT_TEAM = TV52855HY8;
				INFOPLIST_FILE = "$(SRCROOT)/AlarstudioTest/SupportingFiles/Info.plist";
				LD_RUNPATH_SEARCH_PATHS = (
					"$(inherited)",
					"@executable_path/Frameworks",
				);
				PRODUCT_BUNDLE_IDENTIFIER = com.kanat.AlarstudioTest;
				PRODUCT_NAME = "$(TARGET_NAME)";
				SWIFT_VERSION = 4.0;
				TARGETED_DEVICE_FAMILY = "1,2";
			};
			name = Debug;
		};
		9DB2B95820B6E03A005B4663 /* Release */ = {
			isa = XCBuildConfiguration;
			baseConfigurationReference = A099F047B91456404BCDD17C /* Pods-AlarstudioTest.release.xcconfig */;
			buildSettings = {
				ASSETCATALOG_COMPILER_APPICON_NAME = AppIcon;
				CODE_SIGN_STYLE = Automatic;
				DEVELOPMENT_TEAM = TV52855HY8;
				INFOPLIST_FILE = "$(SRCROOT)/AlarstudioTest/SupportingFiles/Info.plist";
				LD_RUNPATH_SEARCH_PATHS = (
					"$(inherited)",
					"@executable_path/Frameworks",
				);
				PRODUCT_BUNDLE_IDENTIFIER = com.kanat.AlarstudioTest;
				PRODUCT_NAME = "$(TARGET_NAME)";
				SWIFT_VERSION = 4.0;
				TARGETED_DEVICE_FAMILY = "1,2";
			};
			name = Release;
		};
/* End XCBuildConfiguration section */

/* Begin XCConfigurationList section */
		9DB2B93F20B6E039005B4663 /* Build configuration list for PBXProject "AlarstudioTest" */ = {
			isa = XCConfigurationList;
			buildConfigurations = (
				9DB2B95420B6E03A005B4663 /* Debug */,
				9DB2B95520B6E03A005B4663 /* Release */,
			);
			defaultConfigurationIsVisible = 0;
			defaultConfigurationName = Release;
		};
		9DB2B95620B6E03A005B4663 /* Build configuration list for PBXNativeTarget "AlarstudioTest" */ = {
			isa = XCConfigurationList;
			buildConfigurations = (
				9DB2B95720B6E03A005B4663 /* Debug */,
				9DB2B95820B6E03A005B4663 /* Release */,
			);
			defaultConfigurationIsVisible = 0;
			defaultConfigurationName = Release;
		};
/* End XCConfigurationList section */
	};
	rootObject = 9DB2B93C20B6E039005B4663 /* Project object */;
}
